// !$*UTF8*$!
{
	archiveVersion = 1;
	classes = {
	};
	objectVersion = 77;
	objects = {

/* Begin PBXBuildFile section */
		F7FA8A3C2DE085410044EA73 /* MVNetwork.framework in Frameworks */ = {isa = PBXBuildFile; fileRef = F7FA8A322DE085400044EA73 /* MVNetwork.framework */; };
		F7FA8A472DE085410044EA73 /* MVNetwork.framework in Frameworks */ = {isa = PBXBuildFile; fileRef = F7FA8A322DE085400044EA73 /* MVNetwork.framework */; };
		F7FA8A482DE085410044EA73 /* MVNetwork.framework in Embed Frameworks */ = {isa = PBXBuildFile; fileRef = F7FA8A322DE085400044EA73 /* MVNetwork.framework */; settings = {ATTRIBUTES = (CodeSignOnCopy, RemoveHeadersOnCopy, ); }; };
		F7FA8B512DE227430044EA73 /* Dependencies in Frameworks */ = {isa = PBXBuildFile; productRef = F7FA8B502DE227430044EA73 /* Dependencies */; };
		F7FA8B532DE227430044EA73 /* DependenciesMacros in Frameworks */ = {isa = PBXBuildFile; productRef = F7FA8B522DE227430044EA73 /* DependenciesMacros */; };
		F7FA8B652DE45F890044EA73 /* Collections in Frameworks */ = {isa = PBXBuildFile; productRef = F7FA8B642DE45F890044EA73 /* Collections */; };
/* End PBXBuildFile section */

/* Begin PBXContainerItemProxy section */
		F7B193322DE07214004F7C8D /* PBXContainerItemProxy */ = {
			isa = PBXContainerItemProxy;
			containerPortal = F7B193192DE07214004F7C8D /* Project object */;
			proxyType = 1;
			remoteGlobalIDString = F7B193202DE07214004F7C8D;
			remoteInfo = MoviesApp;
		};
		F7FA8A3D2DE085410044EA73 /* PBXContainerItemProxy */ = {
			isa = PBXContainerItemProxy;
			containerPortal = F7B193192DE07214004F7C8D /* Project object */;
			proxyType = 1;
			remoteGlobalIDString = F7FA8A312DE085400044EA73;
			remoteInfo = MVNetwork;
		};
		F7FA8A3F2DE085410044EA73 /* PBXContainerItemProxy */ = {
			isa = PBXContainerItemProxy;
			containerPortal = F7B193192DE07214004F7C8D /* Project object */;
			proxyType = 1;
			remoteGlobalIDString = F7B193202DE07214004F7C8D;
			remoteInfo = MoviesApp;
		};
		F7FA8A452DE085410044EA73 /* PBXContainerItemProxy */ = {
			isa = PBXContainerItemProxy;
			containerPortal = F7B193192DE07214004F7C8D /* Project object */;
			proxyType = 1;
			remoteGlobalIDString = F7FA8A312DE085400044EA73;
			remoteInfo = MVNetwork;
		};
/* End PBXContainerItemProxy section */

/* Begin PBXCopyFilesBuildPhase section */
		F7B193792DE07355004F7C8D /* Embed Frameworks */ = {
			isa = PBXCopyFilesBuildPhase;
			buildActionMask = 2147483647;
			dstPath = "";
			dstSubfolderSpec = 10;
			files = (
				F7FA8A482DE085410044EA73 /* MVNetwork.framework in Embed Frameworks */,
			);
			name = "Embed Frameworks";
			runOnlyForDeploymentPostprocessing = 0;
		};
/* End PBXCopyFilesBuildPhase section */

/* Begin PBXFileReference section */
		F7B193212DE07214004F7C8D /* MoviesApp.app */ = {isa = PBXFileReference; explicitFileType = wrapper.application; includeInIndex = 0; path = MoviesApp.app; sourceTree = BUILT_PRODUCTS_DIR; };
		F7B193312DE07214004F7C8D /* MoviesAppTests.xctest */ = {isa = PBXFileReference; explicitFileType = wrapper.cfbundle; includeInIndex = 0; path = MoviesAppTests.xctest; sourceTree = BUILT_PRODUCTS_DIR; };
		F7FA8A322DE085400044EA73 /* MVNetwork.framework */ = {isa = PBXFileReference; explicitFileType = wrapper.framework; includeInIndex = 0; path = MVNetwork.framework; sourceTree = BUILT_PRODUCTS_DIR; };
		F7FA8A3B2DE085410044EA73 /* MVNetworkTests.xctest */ = {isa = PBXFileReference; explicitFileType = wrapper.cfbundle; includeInIndex = 0; path = MVNetworkTests.xctest; sourceTree = BUILT_PRODUCTS_DIR; };
/* End PBXFileReference section */

/* Begin PBXFileSystemSynchronizedBuildFileExceptionSet section */
		F7AFEA8F2DE6FB6D00901373 /* Exceptions for "MoviesApp" folder in "MoviesAppTests" target */ = {
			isa = PBXFileSystemSynchronizedBuildFileExceptionSet;
			membershipExceptions = (
				Services/Mocks/MockMovieAPIClient.swift,
			);
			target = F7B193302DE07214004F7C8D /* MoviesAppTests */;
		};
		F7FA8A492DE085410044EA73 /* Exceptions for "MVNetwork" folder in "MVNetwork" target */ = {
			isa = PBXFileSystemSynchronizedBuildFileExceptionSet;
			publicHeaders = (
				MVNetwork.h,
			);
			target = F7FA8A312DE085400044EA73 /* MVNetwork */;
		};
		F7FA8A652DE0AB090044EA73 /* Exceptions for "MoviesApp" folder in "MoviesApp" target */ = {
			isa = PBXFileSystemSynchronizedBuildFileExceptionSet;
			membershipExceptions = (
				Info.plist,
				Secrets.xcconfig,
			);
			target = F7B193202DE07214004F7C8D /* MoviesApp */;
		};
		F7FA8A662DE0AB090044EA73 /* Exceptions for "MoviesApp" folder in "MVNetwork" target */ = {
			isa = PBXFileSystemSynchronizedBuildFileExceptionSet;
			membershipExceptions = (
				Secrets.xcconfig,
			);
			target = F7FA8A312DE085400044EA73 /* MVNetwork */;
		};
/* End PBXFileSystemSynchronizedBuildFileExceptionSet section */

/* Begin PBXFileSystemSynchronizedRootGroup section */
		F7B193232DE07214004F7C8D /* MoviesApp */ = {
			isa = PBXFileSystemSynchronizedRootGroup;
			exceptions = (
				F7FA8A652DE0AB090044EA73 /* Exceptions for "MoviesApp" folder in "MoviesApp" target */,
				F7AFEA8F2DE6FB6D00901373 /* Exceptions for "MoviesApp" folder in "MoviesAppTests" target */,
				F7FA8A662DE0AB090044EA73 /* Exceptions for "MoviesApp" folder in "MVNetwork" target */,
			);
			path = MoviesApp;
			sourceTree = "<group>";
		};
		F7B193342DE07214004F7C8D /* MoviesAppTests */ = {
			isa = PBXFileSystemSynchronizedRootGroup;
			path = MoviesAppTests;
			sourceTree = "<group>";
		};
		F7FA8A332DE085400044EA73 /* MVNetwork */ = {
			isa = PBXFileSystemSynchronizedRootGroup;
			exceptions = (
				F7FA8A492DE085410044EA73 /* Exceptions for "MVNetwork" folder in "MVNetwork" target */,
			);
			path = MVNetwork;
			sourceTree = "<group>";
		};
		F7FA8A412DE085410044EA73 /* MVNetworkTests */ = {
			isa = PBXFileSystemSynchronizedRootGroup;
			path = MVNetworkTests;
			sourceTree = "<group>";
		};
/* End PBXFileSystemSynchronizedRootGroup section */

/* Begin PBXFrameworksBuildPhase section */
		F7B1931E2DE07214004F7C8D /* Frameworks */ = {
			isa = PBXFrameworksBuildPhase;
			buildActionMask = 2147483647;
			files = (
				F7FA8A472DE085410044EA73 /* MVNetwork.framework in Frameworks */,
				F7FA8B512DE227430044EA73 /* Dependencies in Frameworks */,
				F7FA8B532DE227430044EA73 /* DependenciesMacros in Frameworks */,
			);
			runOnlyForDeploymentPostprocessing = 0;
		};
		F7B1932E2DE07214004F7C8D /* Frameworks */ = {
			isa = PBXFrameworksBuildPhase;
			buildActionMask = 2147483647;
			files = (
			);
			runOnlyForDeploymentPostprocessing = 0;
		};
		F7FA8A2F2DE085400044EA73 /* Frameworks */ = {
			isa = PBXFrameworksBuildPhase;
			buildActionMask = 2147483647;
			files = (
				F7FA8B652DE45F890044EA73 /* Collections in Frameworks */,
			);
			runOnlyForDeploymentPostprocessing = 0;
		};
		F7FA8A382DE085410044EA73 /* Frameworks */ = {
			isa = PBXFrameworksBuildPhase;
			buildActionMask = 2147483647;
			files = (
				F7FA8A3C2DE085410044EA73 /* MVNetwork.framework in Frameworks */,
			);
			runOnlyForDeploymentPostprocessing = 0;
		};
/* End PBXFrameworksBuildPhase section */

/* Begin PBXGroup section */
		F760BECA2DE5F12700DB6767 /* Frameworks */ = {
			isa = PBXGroup;
			children = (
			);
			name = Frameworks;
			sourceTree = "<group>";
		};
		F7B193182DE07214004F7C8D = {
			isa = PBXGroup;
			children = (
				F7B193232DE07214004F7C8D /* MoviesApp */,
				F7B193342DE07214004F7C8D /* MoviesAppTests */,
				F7FA8A332DE085400044EA73 /* MVNetwork */,
				F7FA8A412DE085410044EA73 /* MVNetworkTests */,
				F760BECA2DE5F12700DB6767 /* Frameworks */,
				F7B193222DE07214004F7C8D /* Products */,
			);
			sourceTree = "<group>";
		};
		F7B193222DE07214004F7C8D /* Products */ = {
			isa = PBXGroup;
			children = (
				F7B193212DE07214004F7C8D /* MoviesApp.app */,
				F7B193312DE07214004F7C8D /* MoviesAppTests.xctest */,
				F7FA8A322DE085400044EA73 /* MVNetwork.framework */,
				F7FA8A3B2DE085410044EA73 /* MVNetworkTests.xctest */,
			);
			name = Products;
			sourceTree = "<group>";
		};
/* End PBXGroup section */

/* Begin PBXHeadersBuildPhase section */
		F7FA8A2D2DE085400044EA73 /* Headers */ = {
			isa = PBXHeadersBuildPhase;
			buildActionMask = 2147483647;
			files = (
			);
			runOnlyForDeploymentPostprocessing = 0;
		};
/* End PBXHeadersBuildPhase section */

/* Begin PBXNativeTarget section */
		F7B193202DE07214004F7C8D /* MoviesApp */ = {
			isa = PBXNativeTarget;
			buildConfigurationList = F7B193452DE07214004F7C8D /* Build configuration list for PBXNativeTarget "MoviesApp" */;
			buildPhases = (
				F7B1931D2DE07214004F7C8D /* Sources */,
				F7B1931E2DE07214004F7C8D /* Frameworks */,
				F7B1931F2DE07214004F7C8D /* Resources */,
				F7B193792DE07355004F7C8D /* Embed Frameworks */,
			);
			buildRules = (
			);
			dependencies = (
				F7FA8A462DE085410044EA73 /* PBXTargetDependency */,
			);
			fileSystemSynchronizedGroups = (
				F7B193232DE07214004F7C8D /* MoviesApp */,
			);
			name = MoviesApp;
			packageProductDependencies = (
				F7FA8B502DE227430044EA73 /* Dependencies */,
				F7FA8B522DE227430044EA73 /* DependenciesMacros */,
			);
			productName = MoviesApp;
			productReference = F7B193212DE07214004F7C8D /* MoviesApp.app */;
			productType = "com.apple.product-type.application";
		};
		F7B193302DE07214004F7C8D /* MoviesAppTests */ = {
			isa = PBXNativeTarget;
			buildConfigurationList = F7B193482DE07214004F7C8D /* Build configuration list for PBXNativeTarget "MoviesAppTests" */;
			buildPhases = (
				F7B1932D2DE07214004F7C8D /* Sources */,
				F7B1932E2DE07214004F7C8D /* Frameworks */,
				F7B1932F2DE07214004F7C8D /* Resources */,
			);
			buildRules = (
			);
			dependencies = (
				F7B193332DE07214004F7C8D /* PBXTargetDependency */,
			);
			fileSystemSynchronizedGroups = (
				F7B193342DE07214004F7C8D /* MoviesAppTests */,
			);
			name = MoviesAppTests;
			packageProductDependencies = (
			);
			productName = MoviesAppTests;
			productReference = F7B193312DE07214004F7C8D /* MoviesAppTests.xctest */;
			productType = "com.apple.product-type.bundle.unit-test";
		};
		F7FA8A312DE085400044EA73 /* MVNetwork */ = {
			isa = PBXNativeTarget;
			buildConfigurationList = F7FA8A4A2DE085410044EA73 /* Build configuration list for PBXNativeTarget "MVNetwork" */;
			buildPhases = (
				F7FA8A2D2DE085400044EA73 /* Headers */,
				F7FA8A2E2DE085400044EA73 /* Sources */,
				F7FA8A2F2DE085400044EA73 /* Frameworks */,
				F7FA8A302DE085400044EA73 /* Resources */,
			);
			buildRules = (
			);
			dependencies = (
			);
			fileSystemSynchronizedGroups = (
				F7FA8A332DE085400044EA73 /* MVNetwork */,
			);
			name = MVNetwork;
			packageProductDependencies = (
				F7FA8B642DE45F890044EA73 /* Collections */,
			);
			productName = MVNetwork;
			productReference = F7FA8A322DE085400044EA73 /* MVNetwork.framework */;
			productType = "com.apple.product-type.framework";
		};
		F7FA8A3A2DE085410044EA73 /* MVNetworkTests */ = {
			isa = PBXNativeTarget;
			buildConfigurationList = F7FA8A4D2DE085410044EA73 /* Build configuration list for PBXNativeTarget "MVNetworkTests" */;
			buildPhases = (
				F7FA8A372DE085410044EA73 /* Sources */,
				F7FA8A382DE085410044EA73 /* Frameworks */,
				F7FA8A392DE085410044EA73 /* Resources */,
			);
			buildRules = (
			);
			dependencies = (
				F7FA8A3E2DE085410044EA73 /* PBXTargetDependency */,
				F7FA8A402DE085410044EA73 /* PBXTargetDependency */,
			);
			fileSystemSynchronizedGroups = (
				F7FA8A412DE085410044EA73 /* MVNetworkTests */,
			);
			name = MVNetworkTests;
			packageProductDependencies = (
			);
			productName = MVNetworkTests;
			productReference = F7FA8A3B2DE085410044EA73 /* MVNetworkTests.xctest */;
			productType = "com.apple.product-type.bundle.unit-test";
		};
/* End PBXNativeTarget section */

/* Begin PBXProject section */
		F7B193192DE07214004F7C8D /* Project object */ = {
			isa = PBXProject;
			attributes = {
				BuildIndependentTargetsInParallel = 1;
				LastSwiftUpdateCheck = 1610;
				LastUpgradeCheck = 1610;
				TargetAttributes = {
					F7B193202DE07214004F7C8D = {
						CreatedOnToolsVersion = 16.1;
					};
					F7B193302DE07214004F7C8D = {
						CreatedOnToolsVersion = 16.1;
						TestTargetID = F7B193202DE07214004F7C8D;
					};
					F7FA8A312DE085400044EA73 = {
						CreatedOnToolsVersion = 16.1;
					};
					F7FA8A3A2DE085410044EA73 = {
						CreatedOnToolsVersion = 16.1;
						TestTargetID = F7B193202DE07214004F7C8D;
					};
				};
			};
			buildConfigurationList = F7B1931C2DE07214004F7C8D /* Build configuration list for PBXProject "MoviesApp" */;
			developmentRegion = en;
			hasScannedForEncodings = 0;
			knownRegions = (
				en,
				Base,
			);
			mainGroup = F7B193182DE07214004F7C8D;
			minimizedProjectReferenceProxies = 1;
			packageReferences = (
				F7FA8B4F2DE227430044EA73 /* XCRemoteSwiftPackageReference "swift-dependencies" */,
				F7FA8B632DE45F890044EA73 /* XCRemoteSwiftPackageReference "swift-collections" */,
			);
			preferredProjectObjectVersion = 77;
			productRefGroup = F7B193222DE07214004F7C8D /* Products */;
			projectDirPath = "";
			projectRoot = "";
			targets = (
				F7B193202DE07214004F7C8D /* MoviesApp */,
				F7B193302DE07214004F7C8D /* MoviesAppTests */,
				F7FA8A312DE085400044EA73 /* MVNetwork */,
				F7FA8A3A2DE085410044EA73 /* MVNetworkTests */,
			);
		};
/* End PBXProject section */

/* Begin PBXResourcesBuildPhase section */
		F7B1931F2DE07214004F7C8D /* Resources */ = {
			isa = PBXResourcesBuildPhase;
			buildActionMask = 2147483647;
			files = (
			);
			runOnlyForDeploymentPostprocessing = 0;
		};
		F7B1932F2DE07214004F7C8D /* Resources */ = {
			isa = PBXResourcesBuildPhase;
			buildActionMask = 2147483647;
			files = (
			);
			runOnlyForDeploymentPostprocessing = 0;
		};
		F7FA8A302DE085400044EA73 /* Resources */ = {
			isa = PBXResourcesBuildPhase;
			buildActionMask = 2147483647;
			files = (
			);
			runOnlyForDeploymentPostprocessing = 0;
		};
		F7FA8A392DE085410044EA73 /* Resources */ = {
			isa = PBXResourcesBuildPhase;
			buildActionMask = 2147483647;
			files = (
			);
			runOnlyForDeploymentPostprocessing = 0;
		};
/* End PBXResourcesBuildPhase section */

/* Begin PBXSourcesBuildPhase section */
		F7B1931D2DE07214004F7C8D /* Sources */ = {
			isa = PBXSourcesBuildPhase;
			buildActionMask = 2147483647;
			files = (
			);
			runOnlyForDeploymentPostprocessing = 0;
		};
		F7B1932D2DE07214004F7C8D /* Sources */ = {
			isa = PBXSourcesBuildPhase;
			buildActionMask = 2147483647;
			files = (
			);
			runOnlyForDeploymentPostprocessing = 0;
		};
		F7FA8A2E2DE085400044EA73 /* Sources */ = {
			isa = PBXSourcesBuildPhase;
			buildActionMask = 2147483647;
			files = (
			);
			runOnlyForDeploymentPostprocessing = 0;
		};
		F7FA8A372DE085410044EA73 /* Sources */ = {
			isa = PBXSourcesBuildPhase;
			buildActionMask = 2147483647;
			files = (
			);
			runOnlyForDeploymentPostprocessing = 0;
		};
/* End PBXSourcesBuildPhase section */

/* Begin PBXTargetDependency section */
		F7B193332DE07214004F7C8D /* PBXTargetDependency */ = {
			isa = PBXTargetDependency;
			target = F7B193202DE07214004F7C8D /* MoviesApp */;
			targetProxy = F7B193322DE07214004F7C8D /* PBXContainerItemProxy */;
		};
		F7FA8A3E2DE085410044EA73 /* PBXTargetDependency */ = {
			isa = PBXTargetDependency;
			target = F7FA8A312DE085400044EA73 /* MVNetwork */;
			targetProxy = F7FA8A3D2DE085410044EA73 /* PBXContainerItemProxy */;
		};
		F7FA8A402DE085410044EA73 /* PBXTargetDependency */ = {
			isa = PBXTargetDependency;
			target = F7B193202DE07214004F7C8D /* MoviesApp */;
			targetProxy = F7FA8A3F2DE085410044EA73 /* PBXContainerItemProxy */;
		};
		F7FA8A462DE085410044EA73 /* PBXTargetDependency */ = {
			isa = PBXTargetDependency;
			target = F7FA8A312DE085400044EA73 /* MVNetwork */;
			targetProxy = F7FA8A452DE085410044EA73 /* PBXContainerItemProxy */;
		};
/* End PBXTargetDependency section */

/* Begin XCBuildConfiguration section */
		F7B193432DE07214004F7C8D /* Debug */ = {
			isa = XCBuildConfiguration;
			baseConfigurationReferenceAnchor = F7B193232DE07214004F7C8D /* MoviesApp */;
			baseConfigurationReferenceRelativePath = Secrets.xcconfig;
			buildSettings = {
				ALWAYS_SEARCH_USER_PATHS = NO;
				ASSETCATALOG_COMPILER_GENERATE_SWIFT_ASSET_SYMBOL_EXTENSIONS = YES;
				CLANG_ANALYZER_NONNULL = YES;
				CLANG_ANALYZER_NUMBER_OBJECT_CONVERSION = YES_AGGRESSIVE;
				CLANG_CXX_LANGUAGE_STANDARD = "gnu++20";
				CLANG_ENABLE_MODULES = YES;
				CLANG_ENABLE_OBJC_ARC = YES;
				CLANG_ENABLE_OBJC_WEAK = YES;
				CLANG_WARN_BLOCK_CAPTURE_AUTORELEASING = YES;
				CLANG_WARN_BOOL_CONVERSION = YES;
				CLANG_WARN_COMMA = YES;
				CLANG_WARN_CONSTANT_CONVERSION = YES;
				CLANG_WARN_DEPRECATED_OBJC_IMPLEMENTATIONS = YES;
				CLANG_WARN_DIRECT_OBJC_ISA_USAGE = YES_ERROR;
				CLANG_WARN_DOCUMENTATION_COMMENTS = YES;
				CLANG_WARN_EMPTY_BODY = YES;
				CLANG_WARN_ENUM_CONVERSION = YES;
				CLANG_WARN_INFINITE_RECURSION = YES;
				CLANG_WARN_INT_CONVERSION = YES;
				CLANG_WARN_NON_LITERAL_NULL_CONVERSION = YES;
				CLANG_WARN_OBJC_IMPLICIT_RETAIN_SELF = YES;
				CLANG_WARN_OBJC_LITERAL_CONVERSION = YES;
				CLANG_WARN_OBJC_ROOT_CLASS = YES_ERROR;
				CLANG_WARN_QUOTED_INCLUDE_IN_FRAMEWORK_HEADER = YES;
				CLANG_WARN_RANGE_LOOP_ANALYSIS = YES;
				CLANG_WARN_STRICT_PROTOTYPES = YES;
				CLANG_WARN_SUSPICIOUS_MOVE = YES;
				CLANG_WARN_UNGUARDED_AVAILABILITY = YES_AGGRESSIVE;
				CLANG_WARN_UNREACHABLE_CODE = YES;
				CLANG_WARN__DUPLICATE_METHOD_MATCH = YES;
				COPY_PHASE_STRIP = NO;
				DEBUG_INFORMATION_FORMAT = dwarf;
				ENABLE_STRICT_OBJC_MSGSEND = YES;
				ENABLE_TESTABILITY = YES;
				ENABLE_USER_SCRIPT_SANDBOXING = YES;
				GCC_C_LANGUAGE_STANDARD = gnu17;
				GCC_DYNAMIC_NO_PIC = NO;
				GCC_NO_COMMON_BLOCKS = YES;
				GCC_OPTIMIZATION_LEVEL = 0;
				GCC_PREPROCESSOR_DEFINITIONS = (
					"DEBUG=1",
					"$(inherited)",
				);
				GCC_WARN_64_TO_32_BIT_CONVERSION = YES;
				GCC_WARN_ABOUT_RETURN_TYPE = YES_ERROR;
				GCC_WARN_UNDECLARED_SELECTOR = YES;
				GCC_WARN_UNINITIALIZED_AUTOS = YES_AGGRESSIVE;
				GCC_WARN_UNUSED_FUNCTION = YES;
				GCC_WARN_UNUSED_VARIABLE = YES;
				IPHONEOS_DEPLOYMENT_TARGET = 18.1;
				LOCALIZATION_PREFERS_STRING_CATALOGS = YES;
				MTL_ENABLE_DEBUG_INFO = INCLUDE_SOURCE;
				MTL_FAST_MATH = YES;
				ONLY_ACTIVE_ARCH = YES;
				SDKROOT = iphoneos;
				SWIFT_ACTIVE_COMPILATION_CONDITIONS = "DEBUG $(inherited)";
				SWIFT_OPTIMIZATION_LEVEL = "-Onone";
			};
			name = Debug;
		};
		F7B193442DE07214004F7C8D /* Release */ = {
			isa = XCBuildConfiguration;
			baseConfigurationReferenceAnchor = F7B193232DE07214004F7C8D /* MoviesApp */;
			baseConfigurationReferenceRelativePath = Secrets.xcconfig;
			buildSettings = {
				ALWAYS_SEARCH_USER_PATHS = NO;
				ASSETCATALOG_COMPILER_GENERATE_SWIFT_ASSET_SYMBOL_EXTENSIONS = YES;
				CLANG_ANALYZER_NONNULL = YES;
				CLANG_ANALYZER_NUMBER_OBJECT_CONVERSION = YES_AGGRESSIVE;
				CLANG_CXX_LANGUAGE_STANDARD = "gnu++20";
				CLANG_ENABLE_MODULES = YES;
				CLANG_ENABLE_OBJC_ARC = YES;
				CLANG_ENABLE_OBJC_WEAK = YES;
				CLANG_WARN_BLOCK_CAPTURE_AUTORELEASING = YES;
				CLANG_WARN_BOOL_CONVERSION = YES;
				CLANG_WARN_COMMA = YES;
				CLANG_WARN_CONSTANT_CONVERSION = YES;
				CLANG_WARN_DEPRECATED_OBJC_IMPLEMENTATIONS = YES;
				CLANG_WARN_DIRECT_OBJC_ISA_USAGE = YES_ERROR;
				CLANG_WARN_DOCUMENTATION_COMMENTS = YES;
				CLANG_WARN_EMPTY_BODY = YES;
				CLANG_WARN_ENUM_CONVERSION = YES;
				CLANG_WARN_INFINITE_RECURSION = YES;
				CLANG_WARN_INT_CONVERSION = YES;
				CLANG_WARN_NON_LITERAL_NULL_CONVERSION = YES;
				CLANG_WARN_OBJC_IMPLICIT_RETAIN_SELF = YES;
				CLANG_WARN_OBJC_LITERAL_CONVERSION = YES;
				CLANG_WARN_OBJC_ROOT_CLASS = YES_ERROR;
				CLANG_WARN_QUOTED_INCLUDE_IN_FRAMEWORK_HEADER = YES;
				CLANG_WARN_RANGE_LOOP_ANALYSIS = YES;
				CLANG_WARN_STRICT_PROTOTYPES = YES;
				CLANG_WARN_SUSPICIOUS_MOVE = YES;
				CLANG_WARN_UNGUARDED_AVAILABILITY = YES_AGGRESSIVE;
				CLANG_WARN_UNREACHABLE_CODE = YES;
				CLANG_WARN__DUPLICATE_METHOD_MATCH = YES;
				COPY_PHASE_STRIP = NO;
				DEBUG_INFORMATION_FORMAT = "dwarf-with-dsym";
				ENABLE_NS_ASSERTIONS = NO;
				ENABLE_STRICT_OBJC_MSGSEND = YES;
				ENABLE_USER_SCRIPT_SANDBOXING = YES;
				GCC_C_LANGUAGE_STANDARD = gnu17;
				GCC_NO_COMMON_BLOCKS = YES;
				GCC_WARN_64_TO_32_BIT_CONVERSION = YES;
				GCC_WARN_ABOUT_RETURN_TYPE = YES_ERROR;
				GCC_WARN_UNDECLARED_SELECTOR = YES;
				GCC_WARN_UNINITIALIZED_AUTOS = YES_AGGRESSIVE;
				GCC_WARN_UNUSED_FUNCTION = YES;
				GCC_WARN_UNUSED_VARIABLE = YES;
				IPHONEOS_DEPLOYMENT_TARGET = 18.1;
				LOCALIZATION_PREFERS_STRING_CATALOGS = YES;
				MTL_ENABLE_DEBUG_INFO = NO;
				MTL_FAST_MATH = YES;
				SDKROOT = iphoneos;
				SWIFT_COMPILATION_MODE = wholemodule;
				VALIDATE_PRODUCT = YES;
			};
			name = Release;
		};
		F7B193462DE07214004F7C8D /* Debug */ = {
			isa = XCBuildConfiguration;
			baseConfigurationReferenceAnchor = F7B193232DE07214004F7C8D /* MoviesApp */;
			baseConfigurationReferenceRelativePath = Secrets.xcconfig;
			buildSettings = {
				ASSETCATALOG_COMPILER_APPICON_NAME = AppIcon;
				ASSETCATALOG_COMPILER_GLOBAL_ACCENT_COLOR_NAME = AccentColor;
				CODE_SIGN_STYLE = Automatic;
				CURRENT_PROJECT_VERSION = 1;
				DEVELOPMENT_ASSET_PATHS = "\"MoviesApp/Preview Content\"";
				DEVELOPMENT_TEAM = K8T7A46X94;
				ENABLE_PREVIEWS = YES;
				GENERATE_INFOPLIST_FILE = YES;
				INFOPLIST_FILE = MoviesApp/Info.plist;
				INFOPLIST_KEY_LSApplicationCategoryType = "public.app-category.entertainment";
				INFOPLIST_KEY_UIApplicationSceneManifest_Generation = YES;
				INFOPLIST_KEY_UIApplicationSupportsIndirectInputEvents = YES;
				INFOPLIST_KEY_UILaunchScreen_Generation = YES;
				INFOPLIST_KEY_UISupportedInterfaceOrientations = UIInterfaceOrientationPortrait;
				INFOPLIST_KEY_UISupportedInterfaceOrientations_iPad = "UIInterfaceOrientationLandscapeLeft UIInterfaceOrientationLandscapeRight UIInterfaceOrientationPortrait UIInterfaceOrientationPortraitUpsideDown";
				IPHONEOS_DEPLOYMENT_TARGET = 17.6;
				LD_RUNPATH_SEARCH_PATHS = (
					"$(inherited)",
					"@executable_path/Frameworks",
				);
				MARKETING_VERSION = 1.0;
				PRODUCT_BUNDLE_IDENTIFIER = com.joliejuly.moviesapp.MoviesApp;
				PRODUCT_NAME = "$(TARGET_NAME)";
				SUPPORTED_PLATFORMS = "iphoneos iphonesimulator";
				SUPPORTS_MACCATALYST = NO;
				SUPPORTS_MAC_DESIGNED_FOR_IPHONE_IPAD = NO;
				SUPPORTS_XR_DESIGNED_FOR_IPHONE_IPAD = NO;
				SWIFT_EMIT_LOC_STRINGS = YES;
				SWIFT_VERSION = 5.0;
				TARGETED_DEVICE_FAMILY = 1;
			};
			name = Debug;
		};
		F7B193472DE07214004F7C8D /* Release */ = {
			isa = XCBuildConfiguration;
			baseConfigurationReferenceAnchor = F7B193232DE07214004F7C8D /* MoviesApp */;
			baseConfigurationReferenceRelativePath = Secrets.xcconfig;
			buildSettings = {
				ASSETCATALOG_COMPILER_APPICON_NAME = AppIcon;
				ASSETCATALOG_COMPILER_GLOBAL_ACCENT_COLOR_NAME = AccentColor;
				CODE_SIGN_STYLE = Automatic;
				CURRENT_PROJECT_VERSION = 1;
				DEVELOPMENT_ASSET_PATHS = "\"MoviesApp/Preview Content\"";
				DEVELOPMENT_TEAM = K8T7A46X94;
				ENABLE_PREVIEWS = YES;
				GENERATE_INFOPLIST_FILE = YES;
				INFOPLIST_FILE = MoviesApp/Info.plist;
				INFOPLIST_KEY_LSApplicationCategoryType = "public.app-category.entertainment";
				INFOPLIST_KEY_UIApplicationSceneManifest_Generation = YES;
				INFOPLIST_KEY_UIApplicationSupportsIndirectInputEvents = YES;
				INFOPLIST_KEY_UILaunchScreen_Generation = YES;
				INFOPLIST_KEY_UISupportedInterfaceOrientations = UIInterfaceOrientationPortrait;
				INFOPLIST_KEY_UISupportedInterfaceOrientations_iPad = "UIInterfaceOrientationLandscapeLeft UIInterfaceOrientationLandscapeRight UIInterfaceOrientationPortrait UIInterfaceOrientationPortraitUpsideDown";
				IPHONEOS_DEPLOYMENT_TARGET = 17.6;
				LD_RUNPATH_SEARCH_PATHS = (
					"$(inherited)",
					"@executable_path/Frameworks",
				);
				MARKETING_VERSION = 1.0;
				PRODUCT_BUNDLE_IDENTIFIER = com.joliejuly.moviesapp.MoviesApp;
				PRODUCT_NAME = "$(TARGET_NAME)";
				SUPPORTED_PLATFORMS = "iphoneos iphonesimulator";
				SUPPORTS_MACCATALYST = NO;
				SUPPORTS_MAC_DESIGNED_FOR_IPHONE_IPAD = NO;
				SUPPORTS_XR_DESIGNED_FOR_IPHONE_IPAD = NO;
				SWIFT_EMIT_LOC_STRINGS = YES;
				SWIFT_VERSION = 5.0;
				TARGETED_DEVICE_FAMILY = 1;
			};
			name = Release;
		};
		F7B193492DE07214004F7C8D /* Debug */ = {
			isa = XCBuildConfiguration;
			buildSettings = {
				BUNDLE_LOADER = "$(TEST_HOST)";
				CODE_SIGN_STYLE = Automatic;
				CURRENT_PROJECT_VERSION = 1;
				DEVELOPMENT_TEAM = K8T7A46X94;
				GENERATE_INFOPLIST_FILE = YES;
				IPHONEOS_DEPLOYMENT_TARGET = 17.6;
				MARKETING_VERSION = 1.0;
				PRODUCT_BUNDLE_IDENTIFIER = com.joliejuly.moviesapp.MoviesAppTests;
				PRODUCT_NAME = "$(TARGET_NAME)";
				SWIFT_EMIT_LOC_STRINGS = NO;
				SWIFT_VERSION = 5.0;
				TARGETED_DEVICE_FAMILY = "1,2";
				TEST_HOST = "$(BUILT_PRODUCTS_DIR)/MoviesApp.app/$(BUNDLE_EXECUTABLE_FOLDER_PATH)/MoviesApp";
			};
			name = Debug;
		};
		F7B1934A2DE07214004F7C8D /* Release */ = {
			isa = XCBuildConfiguration;
			buildSettings = {
				BUNDLE_LOADER = "$(TEST_HOST)";
				CODE_SIGN_STYLE = Automatic;
				CURRENT_PROJECT_VERSION = 1;
				DEVELOPMENT_TEAM = K8T7A46X94;
				GENERATE_INFOPLIST_FILE = YES;
				IPHONEOS_DEPLOYMENT_TARGET = 17.6;
				MARKETING_VERSION = 1.0;
				PRODUCT_BUNDLE_IDENTIFIER = com.joliejuly.moviesapp.MoviesAppTests;
				PRODUCT_NAME = "$(TARGET_NAME)";
				SWIFT_EMIT_LOC_STRINGS = NO;
				SWIFT_VERSION = 5.0;
				TARGETED_DEVICE_FAMILY = "1,2";
				TEST_HOST = "$(BUILT_PRODUCTS_DIR)/MoviesApp.app/$(BUNDLE_EXECUTABLE_FOLDER_PATH)/MoviesApp";
			};
			name = Release;
		};
		F7FA8A4B2DE085410044EA73 /* Debug */ = {
			isa = XCBuildConfiguration;
			buildSettings = {
				BUILD_LIBRARY_FOR_DISTRIBUTION = YES;
				CODE_SIGN_STYLE = Automatic;
				CURRENT_PROJECT_VERSION = 1;
				DEFINES_MODULE = YES;
				DEVELOPMENT_TEAM = K8T7A46X94;
				DYLIB_COMPATIBILITY_VERSION = 1;
				DYLIB_CURRENT_VERSION = 1;
				DYLIB_INSTALL_NAME_BASE = "@rpath";
				ENABLE_MODULE_VERIFIER = YES;
				GENERATE_INFOPLIST_FILE = YES;
				INFOPLIST_KEY_NSHumanReadableCopyright = "";
				INSTALL_PATH = "$(LOCAL_LIBRARY_DIR)/Frameworks";
				IPHONEOS_DEPLOYMENT_TARGET = 17.6;
				LD_RUNPATH_SEARCH_PATHS = (
					"$(inherited)",
					"@executable_path/Frameworks",
					"@loader_path/Frameworks",
				);
				MARKETING_VERSION = 1.0;
				MODULE_VERIFIER_SUPPORTED_LANGUAGES = "objective-c objective-c++";
				MODULE_VERIFIER_SUPPORTED_LANGUAGE_STANDARDS = "gnu17 gnu++20";
				PRODUCT_BUNDLE_IDENTIFIER = com.joliejuly.moviesapp.MVNetwork;
				PRODUCT_NAME = "$(TARGET_NAME:c99extidentifier)";
				SKIP_INSTALL = YES;
				SUPPORTED_PLATFORMS = "iphoneos iphonesimulator";
				SUPPORTS_MACCATALYST = NO;
				SUPPORTS_MAC_DESIGNED_FOR_IPHONE_IPAD = NO;
				SUPPORTS_XR_DESIGNED_FOR_IPHONE_IPAD = NO;
				SWIFT_EMIT_LOC_STRINGS = YES;
				SWIFT_INSTALL_OBJC_HEADER = NO;
				SWIFT_VERSION = 5.0;
				TARGETED_DEVICE_FAMILY = 1;
				VERSIONING_SYSTEM = "apple-generic";
				VERSION_INFO_PREFIX = "";
			};
			name = Debug;
		};
		F7FA8A4C2DE085410044EA73 /* Release */ = {
			isa = XCBuildConfiguration;
			buildSettings = {
				BUILD_LIBRARY_FOR_DISTRIBUTION = YES;
				CODE_SIGN_STYLE = Automatic;
				CURRENT_PROJECT_VERSION = 1;
				DEFINES_MODULE = YES;
				DEVELOPMENT_TEAM = K8T7A46X94;
				DYLIB_COMPATIBILITY_VERSION = 1;
				DYLIB_CURRENT_VERSION = 1;
				DYLIB_INSTALL_NAME_BASE = "@rpath";
				ENABLE_MODULE_VERIFIER = YES;
				GENERATE_INFOPLIST_FILE = YES;
				INFOPLIST_KEY_NSHumanReadableCopyright = "";
				INSTALL_PATH = "$(LOCAL_LIBRARY_DIR)/Frameworks";
				IPHONEOS_DEPLOYMENT_TARGET = 17.6;
				LD_RUNPATH_SEARCH_PATHS = (
					"$(inherited)",
					"@executable_path/Frameworks",
					"@loader_path/Frameworks",
				);
				MARKETING_VERSION = 1.0;
				MODULE_VERIFIER_SUPPORTED_LANGUAGES = "objective-c objective-c++";
				MODULE_VERIFIER_SUPPORTED_LANGUAGE_STANDARDS = "gnu17 gnu++20";
				PRODUCT_BUNDLE_IDENTIFIER = com.joliejuly.moviesapp.MVNetwork;
				PRODUCT_NAME = "$(TARGET_NAME:c99extidentifier)";
				SKIP_INSTALL = YES;
				SUPPORTED_PLATFORMS = "iphoneos iphonesimulator";
				SUPPORTS_MACCATALYST = NO;
				SUPPORTS_MAC_DESIGNED_FOR_IPHONE_IPAD = NO;
				SUPPORTS_XR_DESIGNED_FOR_IPHONE_IPAD = NO;
				SWIFT_EMIT_LOC_STRINGS = YES;
				SWIFT_INSTALL_OBJC_HEADER = NO;
				SWIFT_VERSION = 5.0;
				TARGETED_DEVICE_FAMILY = 1;
				VERSIONING_SYSTEM = "apple-generic";
				VERSION_INFO_PREFIX = "";
			};
			name = Release;
		};
		F7FA8A4E2DE085410044EA73 /* Debug */ = {
			isa = XCBuildConfiguration;
			buildSettings = {
				CODE_SIGN_STYLE = Automatic;
				CURRENT_PROJECT_VERSION = 1;
				DEVELOPMENT_TEAM = K8T7A46X94;
				GENERATE_INFOPLIST_FILE = YES;
				IPHONEOS_DEPLOYMENT_TARGET = 17.6;
				MARKETING_VERSION = 1.0;
				PRODUCT_BUNDLE_IDENTIFIER = com.joliejuly.moviesapp.MVNetworkTests;
				PRODUCT_NAME = "$(TARGET_NAME)";
				SUPPORTED_PLATFORMS = "iphoneos iphonesimulator";
				SUPPORTS_MACCATALYST = NO;
				SUPPORTS_MAC_DESIGNED_FOR_IPHONE_IPAD = NO;
				SUPPORTS_XR_DESIGNED_FOR_IPHONE_IPAD = NO;
				SWIFT_EMIT_LOC_STRINGS = NO;
				SWIFT_VERSION = 5.0;
				TARGETED_DEVICE_FAMILY = 1;
				TEST_HOST = "$(BUILT_PRODUCTS_DIR)/MoviesApp.app/$(BUNDLE_EXECUTABLE_FOLDER_PATH)/MoviesApp";
			};
			name = Debug;
		};
		F7FA8A4F2DE085410044EA73 /* Release */ = {
			isa = XCBuildConfiguration;
			buildSettings = {
				CODE_SIGN_STYLE = Automatic;
				CURRENT_PROJECT_VERSION = 1;
				DEVELOPMENT_TEAM = K8T7A46X94;
				GENERATE_INFOPLIST_FILE = YES;
				IPHONEOS_DEPLOYMENT_TARGET = 17.6;
				MARKETING_VERSION = 1.0;
				PRODUCT_BUNDLE_IDENTIFIER = com.joliejuly.moviesapp.MVNetworkTests;
				PRODUCT_NAME = "$(TARGET_NAME)";
				SUPPORTED_PLATFORMS = "iphoneos iphonesimulator";
				SUPPORTS_MACCATALYST = NO;
				SUPPORTS_MAC_DESIGNED_FOR_IPHONE_IPAD = NO;
				SUPPORTS_XR_DESIGNED_FOR_IPHONE_IPAD = NO;
				SWIFT_EMIT_LOC_STRINGS = NO;
				SWIFT_VERSION = 5.0;
				TARGETED_DEVICE_FAMILY = 1;
				TEST_HOST = "$(BUILT_PRODUCTS_DIR)/MoviesApp.app/$(BUNDLE_EXECUTABLE_FOLDER_PATH)/MoviesApp";
			};
			name = Release;
		};
/* End XCBuildConfiguration section */

/* Begin XCConfigurationList section */
		F7B1931C2DE07214004F7C8D /* Build configuration list for PBXProject "MoviesApp" */ = {
			isa = XCConfigurationList;
			buildConfigurations = (
				F7B193432DE07214004F7C8D /* Debug */,
				F7B193442DE07214004F7C8D /* Release */,
			);
			defaultConfigurationIsVisible = 0;
			defaultConfigurationName = Release;
		};
		F7B193452DE07214004F7C8D /* Build configuration list for PBXNativeTarget "MoviesApp" */ = {
			isa = XCConfigurationList;
			buildConfigurations = (
				F7B193462DE07214004F7C8D /* Debug */,
				F7B193472DE07214004F7C8D /* Release */,
			);
			defaultConfigurationIsVisible = 0;
			defaultConfigurationName = Release;
		};
		F7B193482DE07214004F7C8D /* Build configuration list for PBXNativeTarget "MoviesAppTests" */ = {
			isa = XCConfigurationList;
			buildConfigurations = (
				F7B193492DE07214004F7C8D /* Debug */,
				F7B1934A2DE07214004F7C8D /* Release */,
			);
			defaultConfigurationIsVisible = 0;
			defaultConfigurationName = Release;
		};
		F7FA8A4A2DE085410044EA73 /* Build configuration list for PBXNativeTarget "MVNetwork" */ = {
			isa = XCConfigurationList;
			buildConfigurations = (
				F7FA8A4B2DE085410044EA73 /* Debug */,
				F7FA8A4C2DE085410044EA73 /* Release */,
			);
			defaultConfigurationIsVisible = 0;
			defaultConfigurationName = Release;
		};
		F7FA8A4D2DE085410044EA73 /* Build configuration list for PBXNativeTarget "MVNetworkTests" */ = {
			isa = XCConfigurationList;
			buildConfigurations = (
				F7FA8A4E2DE085410044EA73 /* Debug */,
				F7FA8A4F2DE085410044EA73 /* Release */,
			);
			defaultConfigurationIsVisible = 0;
			defaultConfigurationName = Release;
		};
/* End XCConfigurationList section */

/* Begin XCRemoteSwiftPackageReference section */
		F7FA8B4F2DE227430044EA73 /* XCRemoteSwiftPackageReference "swift-dependencies" */ = {
			isa = XCRemoteSwiftPackageReference;
			repositoryURL = "git@github.com:pointfreeco/swift-dependencies.git";
			requirement = {
				kind = upToNextMajorVersion;
				minimumVersion = 1.9.2;
			};
		};
		F7FA8B632DE45F890044EA73 /* XCRemoteSwiftPackageReference "swift-collections" */ = {
			isa = XCRemoteSwiftPackageReference;
			repositoryURL = "https://github.com/apple/swift-collections";
			requirement = {
				kind = upToNextMajorVersion;
				minimumVersion = 1.2.0;
			};
		};
/* End XCRemoteSwiftPackageReference section */

/* Begin XCSwiftPackageProductDependency section */
		F7FA8B502DE227430044EA73 /* Dependencies */ = {
			isa = XCSwiftPackageProductDependency;
			package = F7FA8B4F2DE227430044EA73 /* XCRemoteSwiftPackageReference "swift-dependencies" */;
			productName = Dependencies;
		};
		F7FA8B522DE227430044EA73 /* DependenciesMacros */ = {
			isa = XCSwiftPackageProductDependency;
			package = F7FA8B4F2DE227430044EA73 /* XCRemoteSwiftPackageReference "swift-dependencies" */;
			productName = DependenciesMacros;
		};
		F7FA8B642DE45F890044EA73 /* Collections */ = {
			isa = XCSwiftPackageProductDependency;
			package = F7FA8B632DE45F890044EA73 /* XCRemoteSwiftPackageReference "swift-collections" */;
			productName = Collections;
		};
/* End XCSwiftPackageProductDependency section */
	};
	rootObject = F7B193192DE07214004F7C8D /* Project object */;
}
